# This file is automatically @generated by Cargo.
# It is not intended for manual editing.
version = 4

[[package]]
name = "cc"
version = "1.2.65"
source = "registry+https://github.com/rust-lang/crates.io-index"
checksum = "e228eec9be7c17ccb640b59b36a5cd805ea2a564a4c5e162c2f659fea30d3b96"
dependencies = [
 "find-msvc-tools",
 "shlex",
]

[[package]]
name = "find-msvc-tools"
version = "0.1.9"
source = "registry+https://github.com/rust-lang/crates.io-index"
checksum = "5baebc0774151f905a1a2cc41989300b1e6fbb29aff0ceffa1064fdd3088d582"

[[package]]
name = "libdeflate-sys"
version = "1.25.2"
source = "registry+https://github.com/rust-lang/crates.io-index"
checksum = "72753e0008ea87963d2f0770042d0df7abe51fafbb8dcaf618ac440f2f1fec0a"
dependencies = [
 "cc",
]

[[package]]
name = "libdeflater"
version = "1.25.2"
source = "registry+https://github.com/rust-lang/crates.io-index"
checksum = "d1ee41cf6fb1bb6030dfb59ffb7bc01ab26aade44142084c87f0fc7a1658fe71"
dependencies = [
 "libdeflate-sys",
]

[[package]]
name = "seqformat"
version = "0.1.0"
dependencies = [
 "libdeflater",
]

[[package]]
name = "shlex"
version = "2.0.1"
source = "registry+https://github.com/rust-lang/crates.io-index"
checksum = "f8fadd59c855ef2080decdef8ff161eb6661b86933c9d82e5ba29dc602a55aba"
